
Microsoft Visual Studio Solution File, Format Version 12.00
# Visual Studio Version 17
VisualStudioVersion = 17.11.35222.181
MinimumVisualStudioVersion = 10.0.40219.1
Project("{FAE04EC0-301F-11D3-BF4B-00C04F79EFBC}") = "Gestor Tareas", "Gestor Tareas.csproj", "{812E2156-B945-4619-ABFB-755D8EBA8992}"
EndProject
Global
	GlobalSection(SolutionConfigurationPlatforms) = preSolution
		Debug|Any CPU = Debug|Any CPU
		Release|Any CPU = Release|Any CPU
	EndGlobalSection
	GlobalSection(ProjectConfigurationPlatforms) = postSolution
		{812E2156-B945-4619-ABFB-755D8EBA8992}.Debug|Any CPU.ActiveCfg = Debug|Any CPU
		{812E2156-B945-4619-ABFB-755D8EBA8992}.Debug|Any CPU.Build.0 = Debug|Any CPU
		{812E2156-B945-4619-ABFB-755D8EBA8992}.Release|Any CPU.ActiveCfg = Release|Any CPU
		{812E2156-B945-4619-ABFB-755D8EBA8992}.Release|Any CPU.Build.0 = Release|Any CPU
	EndGlobalSection
	GlobalSection(SolutionProperties) = preSolution
		HideSolutionNode = FALSE
	EndGlobalSection
	GlobalSection(ExtensibilityGlobals) = postSolution
		SolutionGuid = {2A59E930-C409-4CFB-A3B1-FAAD51D68C65}
	EndGlobalSection
EndGlobal
